// !$*UTF8*$!
{
	archiveVersion = 1;
	classes = {
	};
	objectVersion = 48;
	objects = {

/* Begin PBXBuildFile section */
		943EC0891FFB11C8009B3632 /* AppDelegate.swift in Sources */ = {isa = PBXBuildFile; fileRef = 943EC0881FFB11C8009B3632 /* AppDelegate.swift */; };
		943EC08B1FFB11C8009B3632 /* ViewController.swift in Sources */ = {isa = PBXBuildFile; fileRef = 943EC08A1FFB11C8009B3632 /* ViewController.swift */; };
		943EC08E1FFB11C8009B3632 /* Main.storyboard in Resources */ = {isa = PBXBuildFile; fileRef = 943EC08C1FFB11C8009B3632 /* Main.storyboard */; };
		943EC0901FFB11C8009B3632 /* Assets.xcassets in Resources */ = {isa = PBXBuildFile; fileRef = 943EC08F1FFB11C8009B3632 /* Assets.xcassets */; };
		943EC0931FFB11C8009B3632 /* LaunchScreen.storyboard in Resources */ = {isa = PBXBuildFile; fileRef = 943EC0911FFB11C8009B3632 /* LaunchScreen.storyboard */; };
		943EC09E1FFB11C8009B3632 /* BibleTryToBeatMeTests.swift in Sources */ = {isa = PBXBuildFile; fileRef = 943EC09D1FFB11C8009B3632 /* BibleTryToBeatMeTests.swift */; };
		943EC0A91FFB11C8009B3632 /* BibleTryToBeatMeUITests.swift in Sources */ = {isa = PBXBuildFile; fileRef = 943EC0A81FFB11C8009B3632 /* BibleTryToBeatMeUITests.swift */; };
/* End PBXBuildFile section */

/* Begin PBXContainerItemProxy section */
		943EC09A1FFB11C8009B3632 /* PBXContainerItemProxy */ = {
			isa = PBXContainerItemProxy;
			containerPortal = 943EC07D1FFB11C8009B3632 /* Project object */;
			proxyType = 1;
			remoteGlobalIDString = 943EC0841FFB11C8009B3632;
			remoteInfo = BibleTryToBeatMe;
		};
		943EC0A51FFB11C8009B3632 /* PBXContainerItemProxy */ = {
			isa = PBXContainerItemProxy;
			containerPortal = 943EC07D1FFB11C8009B3632 /* Project object */;
			proxyType = 1;
			remoteGlobalIDString = 943EC0841FFB11C8009B3632;
			remoteInfo = BibleTryToBeatMe;
		};
/* End PBXContainerItemProxy section */

/* Begin PBXFileReference section */
		943EC0851FFB11C8009B3632 /* BibleTryToBeatMe.app */ = {isa = PBXFileReference; explicitFileType = wrapper.application; includeInIndex = 0; path = BibleTryToBeatMe.app; sourceTree = BUILT_PRODUCTS_DIR; };
		943EC0881FFB11C8009B3632 /* AppDelegate.swift */ = {isa = PBXFileReference; lastKnownFileType = sourcecode.swift; path = AppDelegate.swift; sourceTree = "<group>"; };
		943EC08A1FFB11C8009B3632 /* ViewController.swift */ = {isa = PBXFileReference; lastKnownFileType = sourcecode.swift; path = ViewController.swift; sourceTree = "<group>"; };
		943EC08D1FFB11C8009B3632 /* Base */ = {isa = PBXFileReference; lastKnownFileType = file.storyboard; name = Base; path = Base.lproj/Main.storyboard; sourceTree = "<group>"; };
		943EC08F1FFB11C8009B3632 /* Assets.xcassets */ = {isa = PBXFileReference; lastKnownFileType = folder.assetcatalog; path = Assets.xcassets; sourceTree = "<group>"; };
		943EC0921FFB11C8009B3632 /* Base */ = {isa = PBXFileReference; lastKnownFileType = file.storyboard; name = Base; path = Base.lproj/LaunchScreen.storyboard; sourceTree = "<group>"; };
		943EC0941FFB11C8009B3632 /* Info.plist */ = {isa = PBXFileReference; lastKnownFileType = text.plist.xml; path = Info.plist; sourceTree = "<group>"; };
		943EC0991FFB11C8009B3632 /* BibleTryToBeatMeTests.xctest */ = {isa = PBXFileReference; explicitFileType = wrapper.cfbundle; includeInIndex = 0; path = BibleTryToBeatMeTests.xctest; sourceTree = BUILT_PRODUCTS_DIR; };
		943EC09D1FFB11C8009B3632 /* BibleTryToBeatMeTests.swift */ = {isa = PBXFileReference; lastKnownFileType = sourcecode.swift; path = BibleTryToBeatMeTests.swift; sourceTree = "<group>"; };
		943EC09F1FFB11C8009B3632 /* Info.plist */ = {isa = PBXFileReference; lastKnownFileType = text.plist.xml; path = Info.plist; sourceTree = "<group>"; };
		943EC0A41FFB11C8009B3632 /* BibleTryToBeatMeUITests.xctest */ = {isa = PBXFileReference; explicitFileType = wrapper.cfbundle; includeInIndex = 0; path = BibleTryToBeatMeUITests.xctest; sourceTree = BUILT_PRODUCTS_DIR; };
		943EC0A81FFB11C8009B3632 /* BibleTryToBeatMeUITests.swift */ = {isa = PBXFileReference; lastKnownFileType = sourcecode.swift; path = BibleTryToBeatMeUITests.swift; sourceTree = "<group>"; };
		943EC0AA1FFB11C8009B3632 /* Info.plist */ = {isa = PBXFileReference; lastKnownFileType = text.plist.xml; path = Info.plist; sourceTree = "<group>"; };
/* End PBXFileReference section */

/* Begin PBXFrameworksBuildPhase section */
		943EC0821FFB11C8009B3632 /* Frameworks */ = {
			isa = PBXFrameworksBuildPhase;
			buildActionMask = 2147483647;
			files = (
			);
			runOnlyForDeploymentPostprocessing = 0;
		};
		943EC0961FFB11C8009B3632 /* Frameworks */ = {
			isa = PBXFrameworksBuildPhase;
			buildActionMask = 2147483647;
			files = (
			);
			runOnlyForDeploymentPostprocessing = 0;
		};
		943EC0A11FFB11C8009B3632 /* Frameworks */ = {
			isa = PBXFrameworksBuildPhase;
			buildActionMask = 2147483647;
			files = (
			);
			runOnlyForDeploymentPostprocessing = 0;
		};
/* End PBXFrameworksBuildPhase section */

/* Begin PBXGroup section */
		943EC07C1FFB11C8009B3632 = {
			isa = PBXGroup;
			children = (
				943EC0871FFB11C8009B3632 /* BibleTryToBeatMe */,
				943EC09C1FFB11C8009B3632 /* BibleTryToBeatMeTests */,
				943EC0A71FFB11C8009B3632 /* BibleTryToBeatMeUITests */,
				943EC0861FFB11C8009B3632 /* Products */,
			);
			sourceTree = "<group>";
		};
		943EC0861FFB11C8009B3632 /* Products */ = {
			isa = PBXGroup;
			children = (
				943EC0851FFB11C8009B3632 /* BibleTryToBeatMe.app */,
				943EC0991FFB11C8009B3632 /* BibleTryToBeatMeTests.xctest */,
				943EC0A41FFB11C8009B3632 /* BibleTryToBeatMeUITests.xctest */,
			);
			name = Products;
			sourceTree = "<group>";
		};
		943EC0871FFB11C8009B3632 /* BibleTryToBeatMe */ = {
			isa = PBXGroup;
			children = (
				943EC0881FFB11C8009B3632 /* AppDelegate.swift */,
				943EC08A1FFB11C8009B3632 /* ViewController.swift */,
				943EC08C1FFB11C8009B3632 /* Main.storyboard */,
				943EC08F1FFB11C8009B3632 /* Assets.xcassets */,
				943EC0911FFB11C8009B3632 /* LaunchScreen.storyboard */,
				943EC0941FFB11C8009B3632 /* Info.plist */,
			);
			path = BibleTryToBeatMe;
			sourceTree = "<group>";
		};
		943EC09C1FFB11C8009B3632 /* BibleTryToBeatMeTests */ = {
			isa = PBXGroup;
			children = (
				943EC09D1FFB11C8009B3632 /* BibleTryToBeatMeTests.swift */,
				943EC09F1FFB11C8009B3632 /* Info.plist */,
			);
			path = BibleTryToBeatMeTests;
			sourceTree = "<group>";
		};
		943EC0A71FFB11C8009B3632 /* BibleTryToBeatMeUITests */ = {
			isa = PBXGroup;
			children = (
				943EC0A81FFB11C8009B3632 /* BibleTryToBeatMeUITests.swift */,
				943EC0AA1FFB11C8009B3632 /* Info.plist */,
			);
			path = BibleTryToBeatMeUITests;
			sourceTree = "<group>";
		};
/* End PBXGroup section */

/* Begin PBXNativeTarget section */
		943EC0841FFB11C8009B3632 /* BibleTryToBeatMe */ = {
			isa = PBXNativeTarget;
			buildConfigurationList = 943EC0AD1FFB11C8009B3632 /* Build configuration list for PBXNativeTarget "BibleTryToBeatMe" */;
			buildPhases = (
				943EC0811FFB11C8009B3632 /* Sources */,
				943EC0821FFB11C8009B3632 /* Frameworks */,
				943EC0831FFB11C8009B3632 /* Resources */,
			);
			buildRules = (
			);
			dependencies = (
			);
			name = BibleTryToBeatMe;
			productName = BibleTryToBeatMe;
			productReference = 943EC0851FFB11C8009B3632 /* BibleTryToBeatMe.app */;
			productType = "com.apple.product-type.application";
		};
		943EC0981FFB11C8009B3632 /* BibleTryToBeatMeTests */ = {
			isa = PBXNativeTarget;
			buildConfigurationList = 943EC0B01FFB11C8009B3632 /* Build configuration list for PBXNativeTarget "BibleTryToBeatMeTests" */;
			buildPhases = (
				943EC0951FFB11C8009B3632 /* Sources */,
				943EC0961FFB11C8009B3632 /* Frameworks */,
				943EC0971FFB11C8009B3632 /* Resources */,
			);
			buildRules = (
			);
			dependencies = (
				943EC09B1FFB11C8009B3632 /* PBXTargetDependency */,
			);
			name = BibleTryToBeatMeTests;
			productName = BibleTryToBeatMeTests;
			productReference = 943EC0991FFB11C8009B3632 /* BibleTryToBeatMeTests.xctest */;
			productType = "com.apple.product-type.bundle.unit-test";
		};
		943EC0A31FFB11C8009B3632 /* BibleTryToBeatMeUITests */ = {
			isa = PBXNativeTarget;
			buildConfigurationList = 943EC0B31FFB11C8009B3632 /* Build configuration list for PBXNativeTarget "BibleTryToBeatMeUITests" */;
			buildPhases = (
				943EC0A01FFB11C8009B3632 /* Sources */,
				943EC0A11FFB11C8009B3632 /* Frameworks */,
				943EC0A21FFB11C8009B3632 /* Resources */,
			);
			buildRules = (
			);
			dependencies = (
				943EC0A61FFB11C8009B3632 /* PBXTargetDependency */,
			);
			name = BibleTryToBeatMeUITests;
			productName = BibleTryToBeatMeUITests;
			productReference = 943EC0A41FFB11C8009B3632 /* BibleTryToBeatMeUITests.xctest */;
			productType = "com.apple.product-type.bundle.ui-testing";
		};
/* End PBXNativeTarget section */

/* Begin PBXProject section */
		943EC07D1FFB11C8009B3632 /* Project object */ = {
			isa = PBXProject;
			attributes = {
				LastSwiftUpdateCheck = 0920;
				LastUpgradeCheck = 0920;
				ORGANIZATIONNAME = rafaelmersant;
				TargetAttributes = {
					943EC0841FFB11C8009B3632 = {
						CreatedOnToolsVersion = 9.2;
						ProvisioningStyle = Automatic;
					};
					943EC0981FFB11C8009B3632 = {
						CreatedOnToolsVersion = 9.2;
						ProvisioningStyle = Automatic;
						TestTargetID = 943EC0841FFB11C8009B3632;
					};
					943EC0A31FFB11C8009B3632 = {
						CreatedOnToolsVersion = 9.2;
						ProvisioningStyle = Automatic;
						TestTargetID = 943EC0841FFB11C8009B3632;
					};
				};
			};
			buildConfigurationList = 943EC0801FFB11C8009B3632 /* Build configuration list for PBXProject "BibleTryToBeatMe" */;
			compatibilityVersion = "Xcode 8.0";
			developmentRegion = en;
			hasScannedForEncodings = 0;
			knownRegions = (
				en,
				Base,
			);
			mainGroup = 943EC07C1FFB11C8009B3632;
			productRefGroup = 943EC0861FFB11C8009B3632 /* Products */;
			projectDirPath = "";
			projectRoot = "";
			targets = (
				943EC0841FFB11C8009B3632 /* BibleTryToBeatMe */,
				943EC0981FFB11C8009B3632 /* BibleTryToBeatMeTests */,
				943EC0A31FFB11C8009B3632 /* BibleTryToBeatMeUITests */,
			);
		};
/* End PBXProject section */

/* Begin PBXResourcesBuildPhase section */
		943EC0831FFB11C8009B3632 /* Resources */ = {
			isa = PBXResourcesBuildPhase;
			buildActionMask = 2147483647;
			files = (
				943EC0931FFB11C8009B3632 /* LaunchScreen.storyboard in Resources */,
				943EC0901FFB11C8009B3632 /* Assets.xcassets in Resources */,
				943EC08E1FFB11C8009B3632 /* Main.storyboard in Resources */,
			);
			runOnlyForDeploymentPostprocessing = 0;
		};
		943EC0971FFB11C8009B3632 /* Resources */ = {
			isa = PBXResourcesBuildPhase;
			buildActionMask = 2147483647;
			files = (
			);
			runOnlyForDeploymentPostprocessing = 0;
		};
		943EC0A21FFB11C8009B3632 /* Resources */ = {
			isa = PBXResourcesBuildPhase;
			buildActionMask = 2147483647;
			files = (
			);
			runOnlyForDeploymentPostprocessing = 0;
		};
/* End PBXResourcesBuildPhase section */

/* Begin PBXSourcesBuildPhase section */
		943EC0811FFB11C8009B3632 /* Sources */ = {
			isa = PBXSourcesBuildPhase;
			buildActionMask = 2147483647;
			files = (
				943EC08B1FFB11C8009B3632 /* ViewController.swift in Sources */,
				943EC0891FFB11C8009B3632 /* AppDelegate.swift in Sources */,
			);
			runOnlyForDeploymentPostprocessing = 0;
		};
		943EC0951FFB11C8009B3632 /* Sources */ = {
			isa = PBXSourcesBuildPhase;
			buildActionMask = 2147483647;
			files = (
				943EC09E1FFB11C8009B3632 /* BibleTryToBeatMeTests.swift in Sources */,
			);
			runOnlyForDeploymentPostprocessing = 0;
		};
		943EC0A01FFB11C8009B3632 /* Sources */ = {
			isa = PBXSourcesBuildPhase;
			buildActionMask = 2147483647;
			files = (
				943EC0A91FFB11C8009B3632 /* BibleTryToBeatMeUITests.swift in Sources */,
			);
			runOnlyForDeploymentPostprocessing = 0;
		};
/* End PBXSourcesBuildPhase section */

/* Begin PBXTargetDependency section */
		943EC09B1FFB11C8009B3632 /* PBXTargetDependency */ = {
			isa = PBXTargetDependency;
			target = 943EC0841FFB11C8009B3632 /* BibleTryToBeatMe */;
			targetProxy = 943EC09A1FFB11C8009B3632 /* PBXContainerItemProxy */;
		};
		943EC0A61FFB11C8009B3632 /* PBXTargetDependency */ = {
			isa = PBXTargetDependency;
			target = 943EC0841FFB11C8009B3632 /* BibleTryToBeatMe */;
			targetProxy = 943EC0A51FFB11C8009B3632 /* PBXContainerItemProxy */;
		};
/* End PBXTargetDependency section */

/* Begin PBXVariantGroup section */
		943EC08C1FFB11C8009B3632 /* Main.storyboard */ = {
			isa = PBXVariantGroup;
			children = (
				943EC08D1FFB11C8009B3632 /* Base */,
			);
			name = Main.storyboard;
			sourceTree = "<group>";
		};
		943EC0911FFB11C8009B3632 /* LaunchScreen.storyboard */ = {
			isa = PBXVariantGroup;
			children = (
				943EC0921FFB11C8009B3632 /* Base */,
			);
			name = LaunchScreen.storyboard;
			sourceTree = "<group>";
		};
/* End PBXVariantGroup section */

/* Begin XCBuildConfiguration section */
		943EC0AB1FFB11C8009B3632 /* Debug */ = {
			isa = XCBuildConfiguration;
			buildSettings = {
				ALWAYS_SEARCH_USER_PATHS = NO;
				CLANG_ANALYZER_NONNULL = YES;
				CLANG_ANALYZER_NUMBER_OBJECT_CONVERSION = YES_AGGRESSIVE;
				CLANG_CXX_LANGUAGE_STANDARD = "gnu++14";
				CLANG_CXX_LIBRARY = "libc++";
				CLANG_ENABLE_MODULES = YES;
				CLANG_ENABLE_OBJC_ARC = YES;
				CLANG_WARN_BLOCK_CAPTURE_AUTORELEASING = YES;
				CLANG_WARN_BOOL_CONVERSION = YES;
				CLANG_WARN_COMMA = YES;
				CLANG_WARN_CONSTANT_CONVERSION = YES;
				CLANG_WARN_DIRECT_OBJC_ISA_USAGE = YES_ERROR;
				CLANG_WARN_DOCUMENTATION_COMMENTS = YES;
				CLANG_WARN_EMPTY_BODY = YES;
				CLANG_WARN_ENUM_CONVERSION = YES;
				CLANG_WARN_INFINITE_RECURSION = YES;
				CLANG_WARN_INT_CONVERSION = YES;
				CLANG_WARN_NON_LITERAL_NULL_CONVERSION = YES;
				CLANG_WARN_OBJC_LITERAL_CONVERSION = YES;
				CLANG_WARN_OBJC_ROOT_CLASS = YES_ERROR;
				CLANG_WARN_RANGE_LOOP_ANALYSIS = YES;
				CLANG_WARN_STRICT_PROTOTYPES = YES;
				CLANG_WARN_SUSPICIOUS_MOVE = YES;
				CLANG_WARN_UNGUARDED_AVAILABILITY = YES_AGGRESSIVE;
				CLANG_WARN_UNREACHABLE_CODE = YES;
				CLANG_WARN__DUPLICATE_METHOD_MATCH = YES;
				CODE_SIGN_IDENTITY = "iPhone Developer";
				COPY_PHASE_STRIP = NO;
				DEBUG_INFORMATION_FORMAT = dwarf;
				ENABLE_STRICT_OBJC_MSGSEND = YES;
				ENABLE_TESTABILITY = YES;
				GCC_C_LANGUAGE_STANDARD = gnu11;
				GCC_DYNAMIC_NO_PIC = NO;
				GCC_NO_COMMON_BLOCKS = YES;
				GCC_OPTIMIZATION_LEVEL = 0;
				GCC_PREPROCESSOR_DEFINITIONS = (
					"DEBUG=1",
					"$(inherited)",
				);
				GCC_WARN_64_TO_32_BIT_CONVERSION = YES;
				GCC_WARN_ABOUT_RETURN_TYPE = YES_ERROR;
				GCC_WARN_UNDECLARED_SELECTOR = YES;
				GCC_WARN_UNINITIALIZED_AUTOS = YES_AGGRESSIVE;
				GCC_WARN_UNUSED_FUNCTION = YES;
				GCC_WARN_UNUSED_VARIABLE = YES;
				IPHONEOS_DEPLOYMENT_TARGET = 11.2;
				MTL_ENABLE_DEBUG_INFO = YES;
				ONLY_ACTIVE_ARCH = YES;
				SDKROOT = iphoneos;
				SWIFT_ACTIVE_COMPILATION_CONDITIONS = DEBUG;
				SWIFT_OPTIMIZATION_LEVEL = "-Onone";
			};
			name = Debug;
		};
		943EC0AC1FFB11C8009B3632 /* Release */ = {
			isa = XCBuildConfiguration;
			buildSettings = {
				ALWAYS_SEARCH_USER_PATHS = NO;
				CLANG_ANALYZER_NONNULL = YES;
				CLANG_ANALYZER_NUMBER_OBJECT_CONVERSION = YES_AGGRESSIVE;
				CLANG_CXX_LANGUAGE_STANDARD = "gnu++14";
				CLANG_CXX_LIBRARY = "libc++";
				CLANG_ENABLE_MODULES = YES;
				CLANG_ENABLE_OBJC_ARC = YES;
				CLANG_WARN_BLOCK_CAPTURE_AUTORELEASING = YES;
				CLANG_WARN_BOOL_CONVERSION = YES;
				CLANG_WARN_COMMA = YES;
				CLANG_WARN_CONSTANT_CONVERSION = YES;
				CLANG_WARN_DIRECT_OBJC_ISA_USAGE = YES_ERROR;
				CLANG_WARN_DOCUMENTATION_COMMENTS = YES;
				CLANG_WARN_EMPTY_BODY = YES;
				CLANG_WARN_ENUM_CONVERSION = YES;
				CLANG_WARN_INFINITE_RECURSION = YES;
				CLANG_WARN_INT_CONVERSION = YES;
				CLANG_WARN_NON_LITERAL_NULL_CONVERSION = YES;
				CLANG_WARN_OBJC_LITERAL_CONVERSION = YES;
				CLANG_WARN_OBJC_ROOT_CLASS = YES_ERROR;
				CLANG_WARN_RANGE_LOOP_ANALYSIS = YES;
				CLANG_WARN_STRICT_PROTOTYPES = YES;
				CLANG_WARN_SUSPICIOUS_MOVE = YES;
				CLANG_WARN_UNGUARDED_AVAILABILITY = YES_AGGRESSIVE;
				CLANG_WARN_UNREACHABLE_CODE = YES;
				CLANG_WARN__DUPLICATE_METHOD_MATCH = YES;
				CODE_SIGN_IDENTITY = "iPhone Developer";
				COPY_PHASE_STRIP = NO;
				DEBUG_INFORMATION_FORMAT = "dwarf-with-dsym";
				ENABLE_NS_ASSERTIONS = NO;
				ENABLE_STRICT_OBJC_MSGSEND = YES;
				GCC_C_LANGUAGE_STANDARD = gnu11;
				GCC_NO_COMMON_BLOCKS = YES;
				GCC_WARN_64_TO_32_BIT_CONVERSION = YES;
				GCC_WARN_ABOUT_RETURN_TYPE = YES_ERROR;
				GCC_WARN_UNDECLARED_SELECTOR = YES;
				GCC_WARN_UNINITIALIZED_AUTOS = YES_AGGRESSIVE;
				GCC_WARN_UNUSED_FUNCTION = YES;
				GCC_WARN_UNUSED_VARIABLE = YES;
				IPHONEOS_DEPLOYMENT_TARGET = 11.2;
				MTL_ENABLE_DEBUG_INFO = NO;
				SDKROOT = iphoneos;
				SWIFT_OPTIMIZATION_LEVEL = "-Owholemodule";
				VALIDATE_PRODUCT = YES;
			};
			name = Release;
		};
		943EC0AE1FFB11C8009B3632 /* Debug */ = {
			isa = XCBuildConfiguration;
			buildSettings = {
				ASSETCATALOG_COMPILER_APPICON_NAME = AppIcon;
				CODE_SIGN_STYLE = Automatic;
				DEVELOPMENT_TEAM = ZTJ5BF97W8;
				INFOPLIST_FILE = BibleTryToBeatMe/Info.plist;
				LD_RUNPATH_SEARCH_PATHS = "$(inherited) @executable_path/Frameworks";
				PRODUCT_BUNDLE_IDENTIFIER = rafaelmersant.BibleTryToBeatMe;
				PRODUCT_NAME = "$(TARGET_NAME)";
				SWIFT_VERSION = 4.0;
				TARGETED_DEVICE_FAMILY = "1,2";
			};
			name = Debug;
		};
		943EC0AF1FFB11C8009B3632 /* Release */ = {
			isa = XCBuildConfiguration;
			buildSettings = {
				ASSETCATALOG_COMPILER_APPICON_NAME = AppIcon;
				CODE_SIGN_STYLE = Automatic;
				DEVELOPMENT_TEAM = ZTJ5BF97W8;
				INFOPLIST_FILE = BibleTryToBeatMe/Info.plist;
				LD_RUNPATH_SEARCH_PATHS = "$(inherited) @executable_path/Frameworks";
				PRODUCT_BUNDLE_IDENTIFIER = rafaelmersant.BibleTryToBeatMe;
				PRODUCT_NAME = "$(TARGET_NAME)";
				SWIFT_VERSION = 4.0;
				TARGETED_DEVICE_FAMILY = "1,2";
			};
			name = Release;
		};
		943EC0B11FFB11C8009B3632 /* Debug */ = {
			isa = XCBuildConfiguration;
			buildSettings = {
				ALWAYS_EMBED_SWIFT_STANDARD_LIBRARIES = YES;
				BUNDLE_LOADER = "$(TEST_HOST)";
				CODE_SIGN_STYLE = Automatic;
				DEVELOPMENT_TEAM = ZTJ5BF97W8;
				INFOPLIST_FILE = BibleTryToBeatMeTests/Info.plist;
				LD_RUNPATH_SEARCH_PATHS = "$(inherited) @executable_path/Frameworks @loader_path/Frameworks";
				PRODUCT_BUNDLE_IDENTIFIER = rafaelmersant.BibleTryToBeatMeTests;
				PRODUCT_NAME = "$(TARGET_NAME)";
				SWIFT_VERSION = 4.0;
				TARGETED_DEVICE_FAMILY = "1,2";
				TEST_HOST = "$(BUILT_PRODUCTS_DIR)/BibleTryToBeatMe.app/BibleTryToBeatMe";
			};
			name = Debug;
		};
		943EC0B21FFB11C8009B3632 /* Release */ = {
			isa = XCBuildConfiguration;
			buildSettings = {
				ALWAYS_EMBED_SWIFT_STANDARD_LIBRARIES = YES;
				BUNDLE_LOADER = "$(TEST_HOST)";
				CODE_SIGN_STYLE = Automatic;
				DEVELOPMENT_TEAM = ZTJ5BF97W8;
				INFOPLIST_FILE = BibleTryToBeatMeTests/Info.plist;
				LD_RUNPATH_SEARCH_PATHS = "$(inherited) @executable_path/Frameworks @loader_path/Frameworks";
				PRODUCT_BUNDLE_IDENTIFIER = rafaelmersant.BibleTryToBeatMeTests;
				PRODUCT_NAME = "$(TARGET_NAME)";
				SWIFT_VERSION = 4.0;
				TARGETED_DEVICE_FAMILY = "1,2";
				TEST_HOST = "$(BUILT_PRODUCTS_DIR)/BibleTryToBeatMe.app/BibleTryToBeatMe";
			};
			name = Release;
		};
		943EC0B41FFB11C8009B3632 /* Debug */ = {
			isa = XCBuildConfiguration;
			buildSettings = {
				ALWAYS_EMBED_SWIFT_STANDARD_LIBRARIES = YES;
				CODE_SIGN_STYLE = Automatic;
				DEVELOPMENT_TEAM = ZTJ5BF97W8;
				INFOPLIST_FILE = BibleTryToBeatMeUITests/Info.plist;
				LD_RUNPATH_SEARCH_PATHS = "$(inherited) @executable_path/Frameworks @loader_path/Frameworks";
				PRODUCT_BUNDLE_IDENTIFIER = rafaelmersant.BibleTryToBeatMeUITests;
				PRODUCT_NAME = "$(TARGET_NAME)";
				SWIFT_VERSION = 4.0;
				TARGETED_DEVICE_FAMILY = "1,2";
				TEST_TARGET_NAME = BibleTryToBeatMe;
			};
			name = Debug;
		};
		943EC0B51FFB11C8009B3632 /* Release */ = {
			isa = XCBuildConfiguration;
			buildSettings = {
				ALWAYS_EMBED_SWIFT_STANDARD_LIBRARIES = YES;
				CODE_SIGN_STYLE = Automatic;
				DEVELOPMENT_TEAM = ZTJ5BF97W8;
				INFOPLIST_FILE = BibleTryToBeatMeUITests/Info.plist;
				LD_RUNPATH_SEARCH_PATHS = "$(inherited) @executable_path/Frameworks @loader_path/Frameworks";
				PRODUCT_BUNDLE_IDENTIFIER = rafaelmersant.BibleTryToBeatMeUITests;
				PRODUCT_NAME = "$(TARGET_NAME)";
				SWIFT_VERSION = 4.0;
				TARGETED_DEVICE_FAMILY = "1,2";
				TEST_TARGET_NAME = BibleTryToBeatMe;
			};
			name = Release;
		};
/* End XCBuildConfiguration section */

/* Begin XCConfigurationList section */
		943EC0801FFB11C8009B3632 /* Build configuration list for PBXProject "BibleTryToBeatMe" */ = {
			isa = XCConfigurationList;
			buildConfigurations = (
				943EC0AB1FFB11C8009B3632 /* Debug */,
				943EC0AC1FFB11C8009B3632 /* Release */,
			);
			defaultConfigurationIsVisible = 0;
			defaultConfigurationName = Release;
		};
		943EC0AD1FFB11C8009B3632 /* Build configuration list for PBXNativeTarget "BibleTryToBeatMe" */ = {
			isa = XCConfigurationList;
			buildConfigurations = (
				943EC0AE1FFB11C8009B3632 /* Debug */,
				943EC0AF1FFB11C8009B3632 /* Release */,
			);
			defaultConfigurationIsVisible = 0;
			defaultConfigurationName = Release;
		};
		943EC0B01FFB11C8009B3632 /* Build configuration list for PBXNativeTarget "BibleTryToBeatMeTests" */ = {
			isa = XCConfigurationList;
			buildConfigurations = (
				943EC0B11FFB11C8009B3632 /* Debug */,
				943EC0B21FFB11C8009B3632 /* Release */,
			);
			defaultConfigurationIsVisible = 0;
			defaultConfigurationName = Release;
		};
		943EC0B31FFB11C8009B3632 /* Build configuration list for PBXNativeTarget "BibleTryToBeatMeUITests" */ = {
			isa = XCConfigurationList;
			buildConfigurations = (
				943EC0B41FFB11C8009B3632 /* Debug */,
				943EC0B51FFB11C8009B3632 /* Release */,
			);
			defaultConfigurationIsVisible = 0;
			defaultConfigurationName = Release;
		};
/* End XCConfigurationList section */
	};
	rootObject = 943EC07D1FFB11C8009B3632 /* Project object */;
}
